// !$*UTF8*$!
{
	archiveVersion = 1;
	classes = {
	};
	objectVersion = 46;
	objects = {

/* Begin PBXBuildFile section */
		123912131F75B15C00BF7FB7 /* Field.cpp in Sources */ = {isa = PBXBuildFile; fileRef = 1239120C1F75B15C00BF7FB7 /* Field.cpp */; };
		123912141F75B15C00BF7FB7 /* Type.cpp in Sources */ = {isa = PBXBuildFile; fileRef = 1239120E1F75B15C00BF7FB7 /* Type.cpp */; };
		123912151F75B15C00BF7FB7 /* Village.cpp in Sources */ = {isa = PBXBuildFile; fileRef = 123912101F75B15C00BF7FB7 /* Village.cpp */; };
		123912171F75B2F300BF7FB7 /* makefile in Sources */ = {isa = PBXBuildFile; fileRef = 123912161F75B2F300BF7FB7 /* makefile */; };
		1251E92B1F0C895400784649 /* File_Handler.cpp in Sources */ = {isa = PBXBuildFile; fileRef = 1251E9291F0C895400784649 /* File_Handler.cpp */; };
		125D37471ED689B8003C4B5C /* main.cpp in Sources */ = {isa = PBXBuildFile; fileRef = 125D37461ED689B8003C4B5C /* main.cpp */; };
		12AF1EC61ED7E55700BA84D7 /* Player.cpp in Sources */ = {isa = PBXBuildFile; fileRef = 12AF1EC41ED7E55700BA84D7 /* Player.cpp */; };
		12B26B8E1F75A69100A390EC /* Army_Units.cpp in Sources */ = {isa = PBXBuildFile; fileRef = 12B26B8C1F75A69000A390EC /* Army_Units.cpp */; };
		12E8E80D1F85F15B00868DD0 /* City.cpp in Sources */ = {isa = PBXBuildFile; fileRef = 12E8E80B1F85F15B00868DD0 /* City.cpp */; };
		12E8E8101F85F22C00868DD0 /* Castle.cpp in Sources */ = {isa = PBXBuildFile; fileRef = 12E8E80E1F85F22C00868DD0 /* Castle.cpp */; };
		12E8E8131F86C3DE00868DD0 /* Farm.cpp in Sources */ = {isa = PBXBuildFile; fileRef = 12E8E8111F86C3DE00868DD0 /* Farm.cpp */; };
/* End PBXBuildFile section */

/* Begin PBXCopyFilesBuildPhase section */
		125D37411ED689B5003C4B5C /* CopyFiles */ = {
			isa = PBXCopyFilesBuildPhase;
			buildActionMask = 2147483647;
			dstPath = /usr/share/man/man1/;
			dstSubfolderSpec = 0;
			files = (
			);
			runOnlyForDeploymentPostprocessing = 1;
		};
/* End PBXCopyFilesBuildPhase section */

/* Begin PBXFileReference section */
		12176D3F1F736BFB00667B76 /* game_data */ = {isa = PBXFileReference; lastKnownFileType = folder; path = game_data; sourceTree = "<group>"; };
		1239120C1F75B15C00BF7FB7 /* Field.cpp */ = {isa = PBXFileReference; fileEncoding = 4; lastKnownFileType = sourcecode.cpp.cpp; path = Field.cpp; sourceTree = "<group>"; };
		1239120D1F75B15C00BF7FB7 /* Field.hpp */ = {isa = PBXFileReference; fileEncoding = 4; lastKnownFileType = sourcecode.cpp.h; path = Field.hpp; sourceTree = "<group>"; };
		1239120E1F75B15C00BF7FB7 /* Type.cpp */ = {isa = PBXFileReference; fileEncoding = 4; lastKnownFileType = sourcecode.cpp.cpp; path = Type.cpp; sourceTree = "<group>"; };
		1239120F1F75B15C00BF7FB7 /* Type.hpp */ = {isa = PBXFileReference; fileEncoding = 4; lastKnownFileType = sourcecode.cpp.h; path = Type.hpp; sourceTree = "<group>"; };
		123912101F75B15C00BF7FB7 /* Village.cpp */ = {isa = PBXFileReference; fileEncoding = 4; lastKnownFileType = sourcecode.cpp.cpp; path = Village.cpp; sourceTree = "<group>"; };
		123912111F75B15C00BF7FB7 /* Village.hpp */ = {isa = PBXFileReference; fileEncoding = 4; lastKnownFileType = sourcecode.cpp.h; path = Village.hpp; sourceTree = "<group>"; };
		123912161F75B2F300BF7FB7 /* makefile */ = {isa = PBXFileReference; fileEncoding = 4; lastKnownFileType = sourcecode.make; path = makefile; sourceTree = "<group>"; };
		1251E9291F0C895400784649 /* File_Handler.cpp */ = {isa = PBXFileReference; fileEncoding = 4; lastKnownFileType = sourcecode.cpp.cpp; path = File_Handler.cpp; sourceTree = "<group>"; };
		1251E92A1F0C895400784649 /* File_Handler.hpp */ = {isa = PBXFileReference; fileEncoding = 4; lastKnownFileType = sourcecode.cpp.h; path = File_Handler.hpp; sourceTree = "<group>"; };
		125D37431ED689B8003C4B5C /* kingdom_building_game */ = {isa = PBXFileReference; explicitFileType = "compiled.mach-o.executable"; includeInIndex = 0; path = kingdom_building_game; sourceTree = BUILT_PRODUCTS_DIR; };
		125D37461ED689B8003C4B5C /* main.cpp */ = {isa = PBXFileReference; lastKnownFileType = sourcecode.cpp.cpp; path = main.cpp; sourceTree = "<group>"; };
		12AF1EC31ED7D6F300BA84D7 /* Game.h */ = {isa = PBXFileReference; lastKnownFileType = sourcecode.c.h; path = Game.h; sourceTree = "<group>"; };
		12AF1EC41ED7E55700BA84D7 /* Player.cpp */ = {isa = PBXFileReference; fileEncoding = 4; lastKnownFileType = sourcecode.cpp.cpp; path = Player.cpp; sourceTree = "<group>"; };
		12AF1EC51ED7E55700BA84D7 /* Player.hpp */ = {isa = PBXFileReference; fileEncoding = 4; lastKnownFileType = sourcecode.cpp.h; path = Player.hpp; sourceTree = "<group>"; };
		12B26B8C1F75A69000A390EC /* Army_Units.cpp */ = {isa = PBXFileReference; fileEncoding = 4; lastKnownFileType = sourcecode.cpp.cpp; path = Army_Units.cpp; sourceTree = "<group>"; };
		12B26B8D1F75A69100A390EC /* Army_Units.hpp */ = {isa = PBXFileReference; fileEncoding = 4; lastKnownFileType = sourcecode.cpp.h; path = Army_Units.hpp; sourceTree = "<group>"; };
		12E8E80B1F85F15B00868DD0 /* City.cpp */ = {isa = PBXFileReference; fileEncoding = 4; lastKnownFileType = sourcecode.cpp.cpp; path = City.cpp; sourceTree = "<group>"; };
		12E8E80C1F85F15B00868DD0 /* City.hpp */ = {isa = PBXFileReference; fileEncoding = 4; lastKnownFileType = sourcecode.cpp.h; path = City.hpp; sourceTree = "<group>"; };
		12E8E80E1F85F22C00868DD0 /* Castle.cpp */ = {isa = PBXFileReference; fileEncoding = 4; lastKnownFileType = sourcecode.cpp.cpp; path = Castle.cpp; sourceTree = "<group>"; };
		12E8E80F1F85F22C00868DD0 /* Castle.hpp */ = {isa = PBXFileReference; fileEncoding = 4; lastKnownFileType = sourcecode.cpp.h; path = Castle.hpp; sourceTree = "<group>"; };
		12E8E8111F86C3DE00868DD0 /* Farm.cpp */ = {isa = PBXFileReference; fileEncoding = 4; lastKnownFileType = sourcecode.cpp.cpp; path = Farm.cpp; sourceTree = "<group>"; };
		12E8E8121F86C3DE00868DD0 /* Farm.hpp */ = {isa = PBXFileReference; fileEncoding = 4; lastKnownFileType = sourcecode.cpp.h; path = Farm.hpp; sourceTree = "<group>"; };
/* End PBXFileReference section */

/* Begin PBXFrameworksBuildPhase section */
		125D37401ED689B5003C4B5C /* Frameworks */ = {
			isa = PBXFrameworksBuildPhase;
			buildActionMask = 2147483647;
			files = (
			);
			runOnlyForDeploymentPostprocessing = 0;
		};
/* End PBXFrameworksBuildPhase section */

/* Begin PBXGroup section */
		125D373A1ED689B5003C4B5C = {
			isa = PBXGroup;
			children = (
				125D37451ED689B8003C4B5C /* kingdom_building_game */,
				125D37441ED689B8003C4B5C /* Products */,
			);
			sourceTree = "<group>";
		};
		125D37441ED689B8003C4B5C /* Products */ = {
			isa = PBXGroup;
			children = (
				125D37431ED689B8003C4B5C /* kingdom_building_game */,
			);
			name = Products;
			sourceTree = "<group>";
		};
		125D37451ED689B8003C4B5C /* kingdom_building_game */ = {
			isa = PBXGroup;
			children = (
				12176D3F1F736BFB00667B76 /* game_data */,
				125D37461ED689B8003C4B5C /* main.cpp */,
				12AF1EC31ED7D6F300BA84D7 /* Game.h */,
				12AF1EC41ED7E55700BA84D7 /* Player.cpp */,
				12AF1EC51ED7E55700BA84D7 /* Player.hpp */,
				12B26B8C1F75A69000A390EC /* Army_Units.cpp */,
				12B26B8D1F75A69100A390EC /* Army_Units.hpp */,
				1239120E1F75B15C00BF7FB7 /* Type.cpp */,
				1239120F1F75B15C00BF7FB7 /* Type.hpp */,
				1239120C1F75B15C00BF7FB7 /* Field.cpp */,
				1239120D1F75B15C00BF7FB7 /* Field.hpp */,
				123912101F75B15C00BF7FB7 /* Village.cpp */,
				123912111F75B15C00BF7FB7 /* Village.hpp */,
				12E8E80B1F85F15B00868DD0 /* City.cpp */,
				12E8E80C1F85F15B00868DD0 /* City.hpp */,
				12E8E80E1F85F22C00868DD0 /* Castle.cpp */,
				12E8E80F1F85F22C00868DD0 /* Castle.hpp */,
				12E8E8111F86C3DE00868DD0 /* Farm.cpp */,
				12E8E8121F86C3DE00868DD0 /* Farm.hpp */,
				1251E9291F0C895400784649 /* File_Handler.cpp */,
				1251E92A1F0C895400784649 /* File_Handler.hpp */,
				123912161F75B2F300BF7FB7 /* makefile */,
			);
			name = kingdom_building_game;
			path = kingdom_building_games;
			sourceTree = "<group>";
		};
/* End PBXGroup section */

/* Begin PBXNativeTarget section */
		125D37421ED689B5003C4B5C /* kingdom_building_game */ = {
			isa = PBXNativeTarget;
			buildConfigurationList = 125D374A1ED689B8003C4B5C /* Build configuration list for PBXNativeTarget "kingdom_building_game" */;
			buildPhases = (
				125D373F1ED689B5003C4B5C /* Sources */,
				125D37401ED689B5003C4B5C /* Frameworks */,
				125D37411ED689B5003C4B5C /* CopyFiles */,
			);
			buildRules = (
			);
			dependencies = (
			);
			name = kingdom_building_game;
			productName = kingdom_building_games;
			productReference = 125D37431ED689B8003C4B5C /* kingdom_building_game */;
			productType = "com.apple.product-type.tool";
		};
/* End PBXNativeTarget section */

/* Begin PBXProject section */
		125D373B1ED689B5003C4B5C /* Project object */ = {
			isa = PBXProject;
			attributes = {
				LastUpgradeCheck = 0820;
				ORGANIZATIONNAME = "Bradley Black";
				TargetAttributes = {
					125D37421ED689B5003C4B5C = {
						CreatedOnToolsVersion = 8.2.1;
						ProvisioningStyle = Automatic;
					};
				};
			};
			buildConfigurationList = 125D373E1ED689B5003C4B5C /* Build configuration list for PBXProject "kingdom_building_game" */;
			compatibilityVersion = "Xcode 3.2";
			developmentRegion = English;
			hasScannedForEncodings = 0;
			knownRegions = (
				en,
			);
			mainGroup = 125D373A1ED689B5003C4B5C;
			productRefGroup = 125D37441ED689B8003C4B5C /* Products */;
			projectDirPath = "";
			projectRoot = "";
			targets = (
				125D37421ED689B5003C4B5C /* kingdom_building_game */,
			);
		};
/* End PBXProject section */

/* Begin PBXSourcesBuildPhase section */
		125D373F1ED689B5003C4B5C /* Sources */ = {
			isa = PBXSourcesBuildPhase;
			buildActionMask = 2147483647;
			files = (
				12E8E80D1F85F15B00868DD0 /* City.cpp in Sources */,
				123912151F75B15C00BF7FB7 /* Village.cpp in Sources */,
				125D37471ED689B8003C4B5C /* main.cpp in Sources */,
				1251E92B1F0C895400784649 /* File_Handler.cpp in Sources */,
				12B26B8E1F75A69100A390EC /* Army_Units.cpp in Sources */,
				12AF1EC61ED7E55700BA84D7 /* Player.cpp in Sources */,
				123912131F75B15C00BF7FB7 /* Field.cpp in Sources */,
				12E8E8101F85F22C00868DD0 /* Castle.cpp in Sources */,
				12E8E8131F86C3DE00868DD0 /* Farm.cpp in Sources */,
				123912171F75B2F300BF7FB7 /* makefile in Sources */,
				123912141F75B15C00BF7FB7 /* Type.cpp in Sources */,
			);
			runOnlyForDeploymentPostprocessing = 0;
		};
/* End PBXSourcesBuildPhase section */

/* Begin XCBuildConfiguration section */
		125D37481ED689B8003C4B5C /* Debug */ = {
			isa = XCBuildConfiguration;
			buildSettings = {
				ALWAYS_SEARCH_USER_PATHS = NO;
				CLANG_ANALYZER_NONNULL = YES;
				CLANG_CXX_LANGUAGE_STANDARD = "gnu++0x";
				CLANG_CXX_LIBRARY = "libc++";
				CLANG_ENABLE_MODULES = YES;
				CLANG_ENABLE_OBJC_ARC = YES;
				CLANG_WARN_BOOL_CONVERSION = YES;
				CLANG_WARN_CONSTANT_CONVERSION = YES;
				CLANG_WARN_DIRECT_OBJC_ISA_USAGE = YES_ERROR;
				CLANG_WARN_DOCUMENTATION_COMMENTS = YES;
				CLANG_WARN_EMPTY_BODY = YES;
				CLANG_WARN_ENUM_CONVERSION = YES;
				CLANG_WARN_INFINITE_RECURSION = YES;
				CLANG_WARN_INT_CONVERSION = YES;
				CLANG_WARN_OBJC_ROOT_CLASS = YES_ERROR;
				CLANG_WARN_SUSPICIOUS_MOVE = YES;
				CLANG_WARN_UNREACHABLE_CODE = YES;
				CLANG_WARN__DUPLICATE_METHOD_MATCH = YES;
				CODE_SIGN_IDENTITY = "-";
				COPY_PHASE_STRIP = NO;
				DEBUG_INFORMATION_FORMAT = dwarf;
				ENABLE_STRICT_OBJC_MSGSEND = YES;
				ENABLE_TESTABILITY = YES;
				GCC_C_LANGUAGE_STANDARD = gnu99;
				GCC_DYNAMIC_NO_PIC = NO;
				GCC_NO_COMMON_BLOCKS = YES;
				GCC_OPTIMIZATION_LEVEL = 0;
				GCC_PREPROCESSOR_DEFINITIONS = (
					"DEBUG=1",
					"$(inherited)",
				);
				GCC_WARN_64_TO_32_BIT_CONVERSION = YES;
				GCC_WARN_ABOUT_RETURN_TYPE = YES_ERROR;
				GCC_WARN_UNDECLARED_SELECTOR = YES;
				GCC_WARN_UNINITIALIZED_AUTOS = YES_AGGRESSIVE;
				GCC_WARN_UNUSED_FUNCTION = YES;
				GCC_WARN_UNUSED_VARIABLE = YES;
				MACOSX_DEPLOYMENT_TARGET = 10.11;
				MTL_ENABLE_DEBUG_INFO = YES;
				ONLY_ACTIVE_ARCH = YES;
				SDKROOT = macosx;
			};
			name = Debug;
		};
		125D37491ED689B8003C4B5C /* Release */ = {
			isa = XCBuildConfiguration;
			buildSettings = {
				ALWAYS_SEARCH_USER_PATHS = NO;
				CLANG_ANALYZER_NONNULL = YES;
				CLANG_CXX_LANGUAGE_STANDARD = "gnu++0x";
				CLANG_CXX_LIBRARY = "libc++";
				CLANG_ENABLE_MODULES = YES;
				CLANG_ENABLE_OBJC_ARC = YES;
				CLANG_WARN_BOOL_CONVERSION = YES;
				CLANG_WARN_CONSTANT_CONVERSION = YES;
				CLANG_WARN_DIRECT_OBJC_ISA_USAGE = YES_ERROR;
				CLANG_WARN_DOCUMENTATION_COMMENTS = YES;
				CLANG_WARN_EMPTY_BODY = YES;
				CLANG_WARN_ENUM_CONVERSION = YES;
				CLANG_WARN_INFINITE_RECURSION = YES;
				CLANG_WARN_INT_CONVERSION = YES;
				CLANG_WARN_OBJC_ROOT_CLASS = YES_ERROR;
				CLANG_WARN_SUSPICIOUS_MOVE = YES;
				CLANG_WARN_UNREACHABLE_CODE = YES;
				CLANG_WARN__DUPLICATE_METHOD_MATCH = YES;
				CODE_SIGN_IDENTITY = "-";
				COPY_PHASE_STRIP = NO;
				DEBUG_INFORMATION_FORMAT = "dwarf-with-dsym";
				ENABLE_NS_ASSERTIONS = NO;
				ENABLE_STRICT_OBJC_MSGSEND = YES;
				GCC_C_LANGUAGE_STANDARD = gnu99;
				GCC_NO_COMMON_BLOCKS = YES;
				GCC_WARN_64_TO_32_BIT_CONVERSION = YES;
				GCC_WARN_ABOUT_RETURN_TYPE = YES_ERROR;
				GCC_WARN_UNDECLARED_SELECTOR = YES;
				GCC_WARN_UNINITIALIZED_AUTOS = YES_AGGRESSIVE;
				GCC_WARN_UNUSED_FUNCTION = YES;
				GCC_WARN_UNUSED_VARIABLE = YES;
				MACOSX_DEPLOYMENT_TARGET = 10.11;
				MTL_ENABLE_DEBUG_INFO = NO;
				SDKROOT = macosx;
			};
			name = Release;
		};
		125D374B1ED689B8003C4B5C /* Debug */ = {
			isa = XCBuildConfiguration;
			buildSettings = {
				ARCHS = "$(ARCHS_STANDARD)";
				PRODUCT_NAME = "$(TARGET_NAME)";
			};
			name = Debug;
		};
		125D374C1ED689B8003C4B5C /* Release */ = {
			isa = XCBuildConfiguration;
			buildSettings = {
				ARCHS = "$(ARCHS_STANDARD)";
				PRODUCT_NAME = "$(TARGET_NAME)";
			};
			name = Release;
		};
/* End XCBuildConfiguration section */

/* Begin XCConfigurationList section */
		125D373E1ED689B5003C4B5C /* Build configuration list for PBXProject "kingdom_building_game" */ = {
			isa = XCConfigurationList;
			buildConfigurations = (
				125D37481ED689B8003C4B5C /* Debug */,
				125D37491ED689B8003C4B5C /* Release */,
			);
			defaultConfigurationIsVisible = 0;
			defaultConfigurationName = Release;
		};
		125D374A1ED689B8003C4B5C /* Build configuration list for PBXNativeTarget "kingdom_building_game" */ = {
			isa = XCConfigurationList;
			buildConfigurations = (
				125D374B1ED689B8003C4B5C /* Debug */,
				125D374C1ED689B8003C4B5C /* Release */,
			);
			defaultConfigurationIsVisible = 0;
			defaultConfigurationName = Release;
		};
/* End XCConfigurationList section */
	};
	rootObject = 125D373B1ED689B5003C4B5C /* Project object */;
}
